// !$*UTF8*$!
{
	archiveVersion = 1;
	classes = {
	};
	objectVersion = 46;
	objects = {

/* Begin PBXBuildFile section */
		D472DFBD1857D37B00596E10 /* PMMailController.m in Sources */ = {isa = PBXBuildFile; fileRef = D472DFBC1857D37B00596E10 /* PMMailController.m */; };
		D4AAB598186231DA00D38E9D /* AccountsWindow.xib in Resources */ = {isa = PBXBuildFile; fileRef = D4AAB597186231DA00D38E9D /* AccountsWindow.xib */; };
		D4AAB59F186231F100D38E9D /* PMAccountsWindowController.m in Sources */ = {isa = PBXBuildFile; fileRef = D4AAB59E186231F100D38E9D /* PMAccountsWindowController.m */; };
		D4EEDEEE1857C9D700653625 /* Cocoa.framework in Frameworks */ = {isa = PBXBuildFile; fileRef = D4EEDEED1857C9D700653625 /* Cocoa.framework */; };
		D4EEDEF81857C9D700653625 /* InfoPlist.strings in Resources */ = {isa = PBXBuildFile; fileRef = D4EEDEF61857C9D700653625 /* InfoPlist.strings */; };
		D4EEDEFA1857C9D700653625 /* main.m in Sources */ = {isa = PBXBuildFile; fileRef = D4EEDEF91857C9D700653625 /* main.m */; };
		D4EEDEFE1857C9D700653625 /* Credits.rtf in Resources */ = {isa = PBXBuildFile; fileRef = D4EEDEFC1857C9D700653625 /* Credits.rtf */; };
		D4EEDF011857C9D700653625 /* PMAppDelegate.m in Sources */ = {isa = PBXBuildFile; fileRef = D4EEDF001857C9D700653625 /* PMAppDelegate.m */; };
		D4EEDF041857C9D700653625 /* MainMenu.xib in Resources */ = {isa = PBXBuildFile; fileRef = D4EEDF021857C9D700653625 /* MainMenu.xib */; };
		D4EEDF071857C9D700653625 /* promail.xcdatamodeld in Sources */ = {isa = PBXBuildFile; fileRef = D4EEDF051857C9D700653625 /* promail.xcdatamodeld */; };
		D4EEDF091857C9D700653625 /* Images.xcassets in Resources */ = {isa = PBXBuildFile; fileRef = D4EEDF081857C9D700653625 /* Images.xcassets */; };
		D4EEDF101857C9D800653625 /* XCTest.framework in Frameworks */ = {isa = PBXBuildFile; fileRef = D4EEDF0F1857C9D800653625 /* XCTest.framework */; };
		D4EEDF111857C9D800653625 /* Cocoa.framework in Frameworks */ = {isa = PBXBuildFile; fileRef = D4EEDEED1857C9D700653625 /* Cocoa.framework */; };
		D4EEDF191857C9D800653625 /* InfoPlist.strings in Resources */ = {isa = PBXBuildFile; fileRef = D4EEDF171857C9D800653625 /* InfoPlist.strings */; };
		D4EEDF1B1857C9D800653625 /* promailTests.m in Sources */ = {isa = PBXBuildFile; fileRef = D4EEDF1A1857C9D800653625 /* promailTests.m */; };
		D4EEDF381857CA0600653625 /* Security.framework in Frameworks */ = {isa = PBXBuildFile; fileRef = D4EEDF371857CA0600653625 /* Security.framework */; };
		D4EEDF3B1857CB0900653625 /* MailCore.framework in Frameworks */ = {isa = PBXBuildFile; fileRef = D4EEDF351857C9F300653625 /* MailCore.framework */; };
		D4EEDF3F1857CB3C00653625 /* MailCore.framework in CopyFiles */ = {isa = PBXBuildFile; fileRef = D4EEDF351857C9F300653625 /* MailCore.framework */; };
		D4EEDF431857CFE300653625 /* MainWindow.xib in Resources */ = {isa = PBXBuildFile; fileRef = D4EEDF421857CFE300653625 /* MainWindow.xib */; };
		D4EEDF461857CFFF00653625 /* PMMainController.m in Sources */ = {isa = PBXBuildFile; fileRef = D4EEDF451857CFFF00653625 /* PMMainController.m */; };
/* End PBXBuildFile section */

/* Begin PBXContainerItemProxy section */
		D4EEDF121857C9D800653625 /* PBXContainerItemProxy */ = {
			isa = PBXContainerItemProxy;
			containerPortal = D4EEDEE21857C9D700653625 /* Project object */;
			proxyType = 1;
			remoteGlobalIDString = D4EEDEE91857C9D700653625;
			remoteInfo = promail;
		};
		D4EEDF2C1857C9F300653625 /* PBXContainerItemProxy */ = {
			isa = PBXContainerItemProxy;
			containerPortal = D4EEDF241857C9F200653625 /* mailcore2.xcodeproj */;
			proxyType = 2;
			remoteGlobalIDString = C64EA537169E772200778456;
			remoteInfo = "static mailcore2 osx";
		};
		D4EEDF2E1857C9F300653625 /* PBXContainerItemProxy */ = {
			isa = PBXContainerItemProxy;
			containerPortal = D4EEDF241857C9F200653625 /* mailcore2.xcodeproj */;
			proxyType = 2;
			remoteGlobalIDString = C6BA2C191705F4E6003F0E9E;
			remoteInfo = "static mailcore2 ios";
		};
		D4EEDF301857C9F300653625 /* PBXContainerItemProxy */ = {
			isa = PBXContainerItemProxy;
			containerPortal = D4EEDF241857C9F200653625 /* mailcore2.xcodeproj */;
			proxyType = 2;
			remoteGlobalIDString = C64EA78C169F259200778456;
			remoteInfo = tests;
		};
		D4EEDF321857C9F300653625 /* PBXContainerItemProxy */ = {
			isa = PBXContainerItemProxy;
			containerPortal = D4EEDF241857C9F200653625 /* mailcore2.xcodeproj */;
			proxyType = 2;
			remoteGlobalIDString = C6A81B911706840C00882C15;
			remoteInfo = "test-ios";
		};
		D4EEDF341857C9F300653625 /* PBXContainerItemProxy */ = {
			isa = PBXContainerItemProxy;
			containerPortal = D4EEDF241857C9F200653625 /* mailcore2.xcodeproj */;
			proxyType = 2;
			remoteGlobalIDString = C6BD288D170BD71100A91AC1;
			remoteInfo = "mailcore osx";
		};
		D4EEDF3C1857CB1700653625 /* PBXContainerItemProxy */ = {
			isa = PBXContainerItemProxy;
			containerPortal = D4EEDF241857C9F200653625 /* mailcore2.xcodeproj */;
			proxyType = 1;
			remoteGlobalIDString = C6BD288C170BD71100A91AC1;
			remoteInfo = "mailcore osx";
		};
/* End PBXContainerItemProxy section */

/* Begin PBXCopyFilesBuildPhase section */
		D4EEDF3E1857CB2300653625 /* CopyFiles */ = {
			isa = PBXCopyFilesBuildPhase;
			buildActionMask = 2147483647;
			dstPath = "";
			dstSubfolderSpec = 10;
			files = (
				D4EEDF3F1857CB3C00653625 /* MailCore.framework in CopyFiles */,
			);
			runOnlyForDeploymentPostprocessing = 0;
		};
/* End PBXCopyFilesBuildPhase section */

/* Begin PBXFileReference section */
		D472DFBB1857D37B00596E10 /* PMMailController.h */ = {isa = PBXFileReference; fileEncoding = 4; lastKnownFileType = sourcecode.c.h; path = PMMailController.h; sourceTree = "<group>"; };
		D472DFBC1857D37B00596E10 /* PMMailController.m */ = {isa = PBXFileReference; fileEncoding = 4; lastKnownFileType = sourcecode.c.objc; path = PMMailController.m; sourceTree = "<group>"; };
		D4AAB597186231DA00D38E9D /* AccountsWindow.xib */ = {isa = PBXFileReference; fileEncoding = 4; lastKnownFileType = file.xib; path = AccountsWindow.xib; sourceTree = "<group>"; };
		D4AAB59D186231F100D38E9D /* PMAccountsWindowController.h */ = {isa = PBXFileReference; fileEncoding = 4; lastKnownFileType = sourcecode.c.h; path = PMAccountsWindowController.h; sourceTree = "<group>"; };
		D4AAB59E186231F100D38E9D /* PMAccountsWindowController.m */ = {isa = PBXFileReference; fileEncoding = 4; lastKnownFileType = sourcecode.c.objc; path = PMAccountsWindowController.m; sourceTree = "<group>"; };
		D4EEDEEA1857C9D700653625 /* promail.app */ = {isa = PBXFileReference; explicitFileType = wrapper.application; includeInIndex = 0; path = promail.app; sourceTree = BUILT_PRODUCTS_DIR; };
		D4EEDEED1857C9D700653625 /* Cocoa.framework */ = {isa = PBXFileReference; lastKnownFileType = wrapper.framework; name = Cocoa.framework; path = System/Library/Frameworks/Cocoa.framework; sourceTree = SDKROOT; };
		D4EEDEF01857C9D700653625 /* AppKit.framework */ = {isa = PBXFileReference; lastKnownFileType = wrapper.framework; name = AppKit.framework; path = System/Library/Frameworks/AppKit.framework; sourceTree = SDKROOT; };
		D4EEDEF11857C9D700653625 /* CoreData.framework */ = {isa = PBXFileReference; lastKnownFileType = wrapper.framework; name = CoreData.framework; path = System/Library/Frameworks/CoreData.framework; sourceTree = SDKROOT; };
		D4EEDEF21857C9D700653625 /* Foundation.framework */ = {isa = PBXFileReference; lastKnownFileType = wrapper.framework; name = Foundation.framework; path = System/Library/Frameworks/Foundation.framework; sourceTree = SDKROOT; };
		D4EEDEF51857C9D700653625 /* promail-Info.plist */ = {isa = PBXFileReference; lastKnownFileType = text.plist.xml; path = "promail-Info.plist"; sourceTree = "<group>"; };
		D4EEDEF71857C9D700653625 /* en */ = {isa = PBXFileReference; lastKnownFileType = text.plist.strings; name = en; path = en.lproj/InfoPlist.strings; sourceTree = "<group>"; };
		D4EEDEF91857C9D700653625 /* main.m */ = {isa = PBXFileReference; lastKnownFileType = sourcecode.c.objc; path = main.m; sourceTree = "<group>"; };
		D4EEDEFB1857C9D700653625 /* promail-Prefix.pch */ = {isa = PBXFileReference; lastKnownFileType = sourcecode.c.h; path = "promail-Prefix.pch"; sourceTree = "<group>"; };
		D4EEDEFD1857C9D700653625 /* en */ = {isa = PBXFileReference; lastKnownFileType = text.rtf; name = en; path = en.lproj/Credits.rtf; sourceTree = "<group>"; };
		D4EEDEFF1857C9D700653625 /* PMAppDelegate.h */ = {isa = PBXFileReference; lastKnownFileType = sourcecode.c.h; path = PMAppDelegate.h; sourceTree = "<group>"; };
		D4EEDF001857C9D700653625 /* PMAppDelegate.m */ = {isa = PBXFileReference; lastKnownFileType = sourcecode.c.objc; path = PMAppDelegate.m; sourceTree = "<group>"; };
		D4EEDF031857C9D700653625 /* Base */ = {isa = PBXFileReference; lastKnownFileType = file.xib; name = Base; path = Base.lproj/MainMenu.xib; sourceTree = "<group>"; };
		D4EEDF061857C9D700653625 /* promail.xcdatamodel */ = {isa = PBXFileReference; lastKnownFileType = wrapper.xcdatamodel; path = promail.xcdatamodel; sourceTree = "<group>"; };
		D4EEDF081857C9D700653625 /* Images.xcassets */ = {isa = PBXFileReference; lastKnownFileType = folder.assetcatalog; path = Images.xcassets; sourceTree = "<group>"; };
		D4EEDF0E1857C9D800653625 /* promailTests.xctest */ = {isa = PBXFileReference; explicitFileType = wrapper.cfbundle; includeInIndex = 0; path = promailTests.xctest; sourceTree = BUILT_PRODUCTS_DIR; };
		D4EEDF0F1857C9D800653625 /* XCTest.framework */ = {isa = PBXFileReference; lastKnownFileType = wrapper.framework; name = XCTest.framework; path = Library/Frameworks/XCTest.framework; sourceTree = DEVELOPER_DIR; };
		D4EEDF161857C9D800653625 /* promailTests-Info.plist */ = {isa = PBXFileReference; lastKnownFileType = text.plist.xml; path = "promailTests-Info.plist"; sourceTree = "<group>"; };
		D4EEDF181857C9D800653625 /* en */ = {isa = PBXFileReference; lastKnownFileType = text.plist.strings; name = en; path = en.lproj/InfoPlist.strings; sourceTree = "<group>"; };
		D4EEDF1A1857C9D800653625 /* promailTests.m */ = {isa = PBXFileReference; lastKnownFileType = sourcecode.c.objc; path = promailTests.m; sourceTree = "<group>"; };
		D4EEDF241857C9F200653625 /* mailcore2.xcodeproj */ = {isa = PBXFileReference; lastKnownFileType = "wrapper.pb-project"; name = mailcore2.xcodeproj; path = "mailcore2/build-mac/mailcore2.xcodeproj"; sourceTree = "<group>"; };
		D4EEDF371857CA0600653625 /* Security.framework */ = {isa = PBXFileReference; lastKnownFileType = wrapper.framework; name = Security.framework; path = System/Library/Frameworks/Security.framework; sourceTree = SDKROOT; };
		D4EEDF421857CFE300653625 /* MainWindow.xib */ = {isa = PBXFileReference; fileEncoding = 4; lastKnownFileType = file.xib; path = MainWindow.xib; sourceTree = "<group>"; };
		D4EEDF441857CFFF00653625 /* PMMainController.h */ = {isa = PBXFileReference; fileEncoding = 4; lastKnownFileType = sourcecode.c.h; path = PMMainController.h; sourceTree = "<group>"; };
		D4EEDF451857CFFF00653625 /* PMMainController.m */ = {isa = PBXFileReference; fileEncoding = 4; lastKnownFileType = sourcecode.c.objc; path = PMMainController.m; sourceTree = "<group>"; };
/* End PBXFileReference section */

/* Begin PBXFrameworksBuildPhase section */
		D4EEDEE71857C9D700653625 /* Frameworks */ = {
			isa = PBXFrameworksBuildPhase;
			buildActionMask = 2147483647;
			files = (
				D4EEDF3B1857CB0900653625 /* MailCore.framework in Frameworks */,
				D4EEDF381857CA0600653625 /* Security.framework in Frameworks */,
				D4EEDEEE1857C9D700653625 /* Cocoa.framework in Frameworks */,
			);
			runOnlyForDeploymentPostprocessing = 0;
		};
		D4EEDF0B1857C9D800653625 /* Frameworks */ = {
			isa = PBXFrameworksBuildPhase;
			buildActionMask = 2147483647;
			files = (
				D4EEDF111857C9D800653625 /* Cocoa.framework in Frameworks */,
				D4EEDF101857C9D800653625 /* XCTest.framework in Frameworks */,
			);
			runOnlyForDeploymentPostprocessing = 0;
		};
/* End PBXFrameworksBuildPhase section */

/* Begin PBXGroup section */
		D4EEDEE11857C9D700653625 = {
			isa = PBXGroup;
			children = (
				D4EEDEF31857C9D700653625 /* promail */,
				D4EEDF141857C9D800653625 /* promailTests */,
				D4EEDEEC1857C9D700653625 /* Frameworks */,
				D4EEDEEB1857C9D700653625 /* Products */,
				D4EEDF241857C9F200653625 /* mailcore2.xcodeproj */,
			);
			sourceTree = "<group>";
		};
		D4EEDEEB1857C9D700653625 /* Products */ = {
			isa = PBXGroup;
			children = (
				D4EEDEEA1857C9D700653625 /* promail.app */,
				D4EEDF0E1857C9D800653625 /* promailTests.xctest */,
			);
			name = Products;
			sourceTree = "<group>";
		};
		D4EEDEEC1857C9D700653625 /* Frameworks */ = {
			isa = PBXGroup;
			children = (
				D4EEDF371857CA0600653625 /* Security.framework */,
				D4EEDEED1857C9D700653625 /* Cocoa.framework */,
				D4EEDF0F1857C9D800653625 /* XCTest.framework */,
				D4EEDEEF1857C9D700653625 /* Other Frameworks */,
			);
			name = Frameworks;
			sourceTree = "<group>";
		};
		D4EEDEEF1857C9D700653625 /* Other Frameworks */ = {
			isa = PBXGroup;
			children = (
				D4EEDEF01857C9D700653625 /* AppKit.framework */,
				D4EEDEF11857C9D700653625 /* CoreData.framework */,
				D4EEDEF21857C9D700653625 /* Foundation.framework */,
			);
			name = "Other Frameworks";
			sourceTree = "<group>";
		};
		D4EEDEF31857C9D700653625 /* promail */ = {
			isa = PBXGroup;
			children = (
				D4EEDF411857CFC400653625 /* Controllers */,
				D4EEDF401857CFBC00653625 /* Resources */,
				D4EEDEFF1857C9D700653625 /* PMAppDelegate.h */,
				D4EEDF001857C9D700653625 /* PMAppDelegate.m */,
				D4EEDF021857C9D700653625 /* MainMenu.xib */,
				D4EEDF081857C9D700653625 /* Images.xcassets */,
				D4EEDF051857C9D700653625 /* promail.xcdatamodeld */,
				D4EEDEF41857C9D700653625 /* Supporting Files */,
			);
			path = promail;
			sourceTree = "<group>";
		};
		D4EEDEF41857C9D700653625 /* Supporting Files */ = {
			isa = PBXGroup;
			children = (
				D4EEDEF51857C9D700653625 /* promail-Info.plist */,
				D4EEDEF61857C9D700653625 /* InfoPlist.strings */,
				D4EEDEF91857C9D700653625 /* main.m */,
				D4EEDEFB1857C9D700653625 /* promail-Prefix.pch */,
				D4EEDEFC1857C9D700653625 /* Credits.rtf */,
			);
			name = "Supporting Files";
			sourceTree = "<group>";
		};
		D4EEDF141857C9D800653625 /* promailTests */ = {
			isa = PBXGroup;
			children = (
				D4EEDF1A1857C9D800653625 /* promailTests.m */,
				D4EEDF151857C9D800653625 /* Supporting Files */,
			);
			path = promailTests;
			sourceTree = "<group>";
		};
		D4EEDF151857C9D800653625 /* Supporting Files */ = {
			isa = PBXGroup;
			children = (
				D4EEDF161857C9D800653625 /* promailTests-Info.plist */,
				D4EEDF171857C9D800653625 /* InfoPlist.strings */,
			);
			name = "Supporting Files";
			sourceTree = "<group>";
		};
		D4EEDF251857C9F200653625 /* Products */ = {
			isa = PBXGroup;
			children = (
				D4EEDF2D1857C9F300653625 /* libMailCore.a */,
				D4EEDF2F1857C9F300653625 /* libMailCore-ios.a */,
				D4EEDF311857C9F300653625 /* tests */,
				D4EEDF331857C9F300653625 /* test-ios.app */,
				D4EEDF351857C9F300653625 /* MailCore.framework */,
			);
			name = Products;
			sourceTree = "<group>";
		};
		D4EEDF401857CFBC00653625 /* Resources */ = {
			isa = PBXGroup;
			children = (
				D4EEDF421857CFE300653625 /* MainWindow.xib */,
				D4AAB597186231DA00D38E9D /* AccountsWindow.xib */,
			);
			name = Resources;
			sourceTree = "<group>";
		};
		D4EEDF411857CFC400653625 /* Controllers */ = {
			isa = PBXGroup;
			children = (
				D4EEDF441857CFFF00653625 /* PMMainController.h */,
				D4EEDF451857CFFF00653625 /* PMMainController.m */,
				D472DFBB1857D37B00596E10 /* PMMailController.h */,
				D472DFBC1857D37B00596E10 /* PMMailController.m */,
				D4AAB59D186231F100D38E9D /* PMAccountsWindowController.h */,
				D4AAB59E186231F100D38E9D /* PMAccountsWindowController.m */,
			);
			name = Controllers;
			sourceTree = "<group>";
		};
/* End PBXGroup section */

/* Begin PBXNativeTarget section */
		D4EEDEE91857C9D700653625 /* promail */ = {
			isa = PBXNativeTarget;
			buildConfigurationList = D4EEDF1E1857C9D800653625 /* Build configuration list for PBXNativeTarget "promail" */;
			buildPhases = (
				D4EEDEE61857C9D700653625 /* Sources */,
				D4EEDEE71857C9D700653625 /* Frameworks */,
				D4EEDEE81857C9D700653625 /* Resources */,
				D4EEDF3E1857CB2300653625 /* CopyFiles */,
			);
			buildRules = (
			);
			dependencies = (
				D4EEDF3D1857CB1700653625 /* PBXTargetDependency */,
			);
			name = promail;
			productName = promail;
			productReference = D4EEDEEA1857C9D700653625 /* promail.app */;
			productType = "com.apple.product-type.application";
		};
		D4EEDF0D1857C9D800653625 /* promailTests */ = {
			isa = PBXNativeTarget;
			buildConfigurationList = D4EEDF211857C9D800653625 /* Build configuration list for PBXNativeTarget "promailTests" */;
			buildPhases = (
				D4EEDF0A1857C9D800653625 /* Sources */,
				D4EEDF0B1857C9D800653625 /* Frameworks */,
				D4EEDF0C1857C9D800653625 /* Resources */,
			);
			buildRules = (
			);
			dependencies = (
				D4EEDF131857C9D800653625 /* PBXTargetDependency */,
			);
			name = promailTests;
			productName = promailTests;
			productReference = D4EEDF0E1857C9D800653625 /* promailTests.xctest */;
			productType = "com.apple.product-type.bundle.unit-test";
		};
/* End PBXNativeTarget section */

/* Begin PBXProject section */
		D4EEDEE21857C9D700653625 /* Project object */ = {
			isa = PBXProject;
			attributes = {
				CLASSPREFIX = PM;
				LastUpgradeCheck = 0500;
				ORGANIZATIONNAME = schultyy;
				TargetAttributes = {
					D4EEDF0D1857C9D800653625 = {
						TestTargetID = D4EEDEE91857C9D700653625;
					};
				};
			};
			buildConfigurationList = D4EEDEE51857C9D700653625 /* Build configuration list for PBXProject "promail" */;
			compatibilityVersion = "Xcode 3.2";
			developmentRegion = English;
			hasScannedForEncodings = 0;
			knownRegions = (
				en,
				Base,
			);
			mainGroup = D4EEDEE11857C9D700653625;
			productRefGroup = D4EEDEEB1857C9D700653625 /* Products */;
			projectDirPath = "";
			projectReferences = (
				{
					ProductGroup = D4EEDF251857C9F200653625 /* Products */;
					ProjectRef = D4EEDF241857C9F200653625 /* mailcore2.xcodeproj */;
				},
			);
			projectRoot = "";
			targets = (
				D4EEDEE91857C9D700653625 /* promail */,
				D4EEDF0D1857C9D800653625 /* promailTests */,
			);
		};
/* End PBXProject section */

/* Begin PBXReferenceProxy section */
		D4EEDF2D1857C9F300653625 /* libMailCore.a */ = {
			isa = PBXReferenceProxy;
			fileType = archive.ar;
			path = libMailCore.a;
			remoteRef = D4EEDF2C1857C9F300653625 /* PBXContainerItemProxy */;
			sourceTree = BUILT_PRODUCTS_DIR;
		};
		D4EEDF2F1857C9F300653625 /* libMailCore-ios.a */ = {
			isa = PBXReferenceProxy;
			fileType = archive.ar;
			path = "libMailCore-ios.a";
			remoteRef = D4EEDF2E1857C9F300653625 /* PBXContainerItemProxy */;
			sourceTree = BUILT_PRODUCTS_DIR;
		};
		D4EEDF311857C9F300653625 /* tests */ = {
			isa = PBXReferenceProxy;
			fileType = "compiled.mach-o.executable";
			path = tests;
			remoteRef = D4EEDF301857C9F300653625 /* PBXContainerItemProxy */;
			sourceTree = BUILT_PRODUCTS_DIR;
		};
		D4EEDF331857C9F300653625 /* test-ios.app */ = {
			isa = PBXReferenceProxy;
			fileType = wrapper.application;
			path = "test-ios.app";
			remoteRef = D4EEDF321857C9F300653625 /* PBXContainerItemProxy */;
			sourceTree = BUILT_PRODUCTS_DIR;
		};
		D4EEDF351857C9F300653625 /* MailCore.framework */ = {
			isa = PBXReferenceProxy;
			fileType = wrapper.framework;
			path = MailCore.framework;
			remoteRef = D4EEDF341857C9F300653625 /* PBXContainerItemProxy */;
			sourceTree = BUILT_PRODUCTS_DIR;
		};
/* End PBXReferenceProxy section */

/* Begin PBXResourcesBuildPhase section */
		D4EEDEE81857C9D700653625 /* Resources */ = {
			isa = PBXResourcesBuildPhase;
			buildActionMask = 2147483647;
			files = (
				D4EEDEF81857C9D700653625 /* InfoPlist.strings in Resources */,
				D4AAB598186231DA00D38E9D /* AccountsWindow.xib in Resources */,
				D4EEDF431857CFE300653625 /* MainWindow.xib in Resources */,
				D4EEDF091857C9D700653625 /* Images.xcassets in Resources */,
				D4EEDEFE1857C9D700653625 /* Credits.rtf in Resources */,
				D4EEDF041857C9D700653625 /* MainMenu.xib in Resources */,
			);
			runOnlyForDeploymentPostprocessing = 0;
		};
		D4EEDF0C1857C9D800653625 /* Resources */ = {
			isa = PBXResourcesBuildPhase;
			buildActionMask = 2147483647;
			files = (
				D4EEDF191857C9D800653625 /* InfoPlist.strings in Resources */,
			);
			runOnlyForDeploymentPostprocessing = 0;
		};
/* End PBXResourcesBuildPhase section */

/* Begin PBXSourcesBuildPhase section */
		D4EEDEE61857C9D700653625 /* Sources */ = {
			isa = PBXSourcesBuildPhase;
			buildActionMask = 2147483647;
			files = (
				D4EEDEFA1857C9D700653625 /* main.m in Sources */,
				D4EEDF011857C9D700653625 /* PMAppDelegate.m in Sources */,
				D4EEDF071857C9D700653625 /* promail.xcdatamodeld in Sources */,
				D4EEDF461857CFFF00653625 /* PMMainController.m in Sources */,
				D4AAB59F186231F100D38E9D /* PMAccountsWindowController.m in Sources */,
				D472DFBD1857D37B00596E10 /* PMMailController.m in Sources */,
			);
			runOnlyForDeploymentPostprocessing = 0;
		};
		D4EEDF0A1857C9D800653625 /* Sources */ = {
			isa = PBXSourcesBuildPhase;
			buildActionMask = 2147483647;
			files = (
				D4EEDF1B1857C9D800653625 /* promailTests.m in Sources */,
			);
			runOnlyForDeploymentPostprocessing = 0;
		};
/* End PBXSourcesBuildPhase section */

/* Begin PBXTargetDependency section */
		D4EEDF131857C9D800653625 /* PBXTargetDependency */ = {
			isa = PBXTargetDependency;
			target = D4EEDEE91857C9D700653625 /* promail */;
			targetProxy = D4EEDF121857C9D800653625 /* PBXContainerItemProxy */;
		};
		D4EEDF3D1857CB1700653625 /* PBXTargetDependency */ = {
			isa = PBXTargetDependency;
			name = "mailcore osx";
			targetProxy = D4EEDF3C1857CB1700653625 /* PBXContainerItemProxy */;
		};
/* End PBXTargetDependency section */

/* Begin PBXVariantGroup section */
		D4EEDEF61857C9D700653625 /* InfoPlist.strings */ = {
			isa = PBXVariantGroup;
			children = (
				D4EEDEF71857C9D700653625 /* en */,
			);
			name = InfoPlist.strings;
			sourceTree = "<group>";
		};
		D4EEDEFC1857C9D700653625 /* Credits.rtf */ = {
			isa = PBXVariantGroup;
			children = (
				D4EEDEFD1857C9D700653625 /* en */,
			);
			name = Credits.rtf;
			sourceTree = "<group>";
		};
		D4EEDF021857C9D700653625 /* MainMenu.xib */ = {
			isa = PBXVariantGroup;
			children = (
				D4EEDF031857C9D700653625 /* Base */,
			);
			name = MainMenu.xib;
			sourceTree = "<group>";
		};
		D4EEDF171857C9D800653625 /* InfoPlist.strings */ = {
			isa = PBXVariantGroup;
			children = (
				D4EEDF181857C9D800653625 /* en */,
			);
			name = InfoPlist.strings;
			sourceTree = "<group>";
		};
/* End PBXVariantGroup section */

/* Begin XCBuildConfiguration section */
		D4EEDF1C1857C9D800653625 /* Debug */ = {
			isa = XCBuildConfiguration;
			buildSettings = {
				ALWAYS_SEARCH_USER_PATHS = NO;
				CLANG_CXX_LANGUAGE_STANDARD = "gnu++0x";
				CLANG_CXX_LIBRARY = "libc++";
				CLANG_ENABLE_OBJC_ARC = YES;
				CLANG_WARN_BOOL_CONVERSION = YES;
				CLANG_WARN_CONSTANT_CONVERSION = YES;
				CLANG_WARN_DIRECT_OBJC_ISA_USAGE = YES_ERROR;
				CLANG_WARN_EMPTY_BODY = YES;
				CLANG_WARN_ENUM_CONVERSION = YES;
				CLANG_WARN_INT_CONVERSION = YES;
				CLANG_WARN_OBJC_ROOT_CLASS = YES_ERROR;
				CLANG_WARN__DUPLICATE_METHOD_MATCH = YES;
				COPY_PHASE_STRIP = NO;
				GCC_C_LANGUAGE_STANDARD = gnu99;
				GCC_DYNAMIC_NO_PIC = NO;
				GCC_ENABLE_OBJC_EXCEPTIONS = YES;
				GCC_OPTIMIZATION_LEVEL = 0;
				GCC_PREPROCESSOR_DEFINITIONS = (
					"DEBUG=1",
					"$(inherited)",
				);
				GCC_SYMBOLS_PRIVATE_EXTERN = NO;
				GCC_WARN_64_TO_32_BIT_CONVERSION = YES;
				GCC_WARN_ABOUT_RETURN_TYPE = YES_ERROR;
				GCC_WARN_UNDECLARED_SELECTOR = YES;
				GCC_WARN_UNINITIALIZED_AUTOS = YES;
				GCC_WARN_UNUSED_FUNCTION = YES;
				GCC_WARN_UNUSED_VARIABLE = YES;
				MACOSX_DEPLOYMENT_TARGET = 10.9;
				ONLY_ACTIVE_ARCH = YES;
				SDKROOT = macosx;
			};
			name = Debug;
		};
		D4EEDF1D1857C9D800653625 /* Release */ = {
			isa = XCBuildConfiguration;
			buildSettings = {
				ALWAYS_SEARCH_USER_PATHS = NO;
				CLANG_CXX_LANGUAGE_STANDARD = "gnu++0x";
				CLANG_CXX_LIBRARY = "libc++";
				CLANG_ENABLE_OBJC_ARC = YES;
				CLANG_WARN_BOOL_CONVERSION = YES;
				CLANG_WARN_CONSTANT_CONVERSION = YES;
				CLANG_WARN_DIRECT_OBJC_ISA_USAGE = YES_ERROR;
				CLANG_WARN_EMPTY_BODY = YES;
				CLANG_WARN_ENUM_CONVERSION = YES;
				CLANG_WARN_INT_CONVERSION = YES;
				CLANG_WARN_OBJC_ROOT_CLASS = YES_ERROR;
				CLANG_WARN__DUPLICATE_METHOD_MATCH = YES;
				COPY_PHASE_STRIP = YES;
				DEBUG_INFORMATION_FORMAT = "dwarf-with-dsym";
				ENABLE_NS_ASSERTIONS = NO;
				GCC_C_LANGUAGE_STANDARD = gnu99;
				GCC_ENABLE_OBJC_EXCEPTIONS = YES;
				GCC_WARN_64_TO_32_BIT_CONVERSION = YES;
				GCC_WARN_ABOUT_RETURN_TYPE = YES_ERROR;
				GCC_WARN_UNDECLARED_SELECTOR = YES;
				GCC_WARN_UNINITIALIZED_AUTOS = YES;
				GCC_WARN_UNUSED_FUNCTION = YES;
				GCC_WARN_UNUSED_VARIABLE = YES;
				MACOSX_DEPLOYMENT_TARGET = 10.9;
				SDKROOT = macosx;
			};
			name = Release;
		};
		D4EEDF1F1857C9D800653625 /* Debug */ = {
			isa = XCBuildConfiguration;
			buildSettings = {
				ASSETCATALOG_COMPILER_APPICON_NAME = AppIcon;
				COMBINE_HIDPI_IMAGES = YES;
				GCC_PRECOMPILE_PREFIX_HEADER = YES;
				GCC_PREFIX_HEADER = "promail/promail-Prefix.pch";
				INFOPLIST_FILE = "promail/promail-Info.plist";
				OTHER_LDFLAGS = (
					"-lctemplate",
					"-letpan",
					"-licudata",
					"-licui18n",
					"-licuuc",
					"-lxml2",
					"-lsasl2",
					"-liconv",
					"-ltidy",
					"-lz",
					"-lc++",
					"-stdlib=libc++",
					"-ObjC",
					"-lcrypto",
				);
				PRODUCT_NAME = "$(TARGET_NAME)";
				WRAPPER_EXTENSION = app;
			};
			name = Debug;
		};
		D4EEDF201857C9D800653625 /* Release */ = {
			isa = XCBuildConfiguration;
			buildSettings = {
				ASSETCATALOG_COMPILER_APPICON_NAME = AppIcon;
				COMBINE_HIDPI_IMAGES = YES;
				GCC_PRECOMPILE_PREFIX_HEADER = YES;
				GCC_PREFIX_HEADER = "promail/promail-Prefix.pch";
				INFOPLIST_FILE = "promail/promail-Info.plist";
				OTHER_LDFLAGS = (
					"-lctemplate",
					"-letpan",
					"-licudata",
					"-licui18n",
					"-licuuc",
					"-lxml2",
					"-lsasl2",
					"-liconv",
					"-ltidy",
					"-lz",
					"-lc++",
					"-stdlib=libc++",
					"-ObjC",
					"-lcrypto",
				);
				PRODUCT_NAME = "$(TARGET_NAME)";
				WRAPPER_EXTENSION = app;
			};
			name = Release;
		};
		D4EEDF221857C9D800653625 /* Debug */ = {
			isa = XCBuildConfiguration;
			buildSettings = {
				BUNDLE_LOADER = "$(BUILT_PRODUCTS_DIR)/promail.app/Contents/MacOS/promail";
				COMBINE_HIDPI_IMAGES = YES;
				FRAMEWORK_SEARCH_PATHS = (
					"$(DEVELOPER_FRAMEWORKS_DIR)",
					"$(inherited)",
				);
				GCC_PRECOMPILE_PREFIX_HEADER = YES;
				GCC_PREFIX_HEADER = "promail/promail-Prefix.pch";
				GCC_PREPROCESSOR_DEFINITIONS = (
					"DEBUG=1",
					"$(inherited)",
				);
				INFOPLIST_FILE = "promailTests/promailTests-Info.plist";
				PRODUCT_NAME = "$(TARGET_NAME)";
				TEST_HOST = "$(BUNDLE_LOADER)";
				WRAPPER_EXTENSION = xctest;
			};
			name = Debug;
		};
		D4EEDF231857C9D800653625 /* Release */ = {
			isa = XCBuildConfiguration;
			buildSettings = {
				BUNDLE_LOADER = "$(BUILT_PRODUCTS_DIR)/promail.app/Contents/MacOS/promail";
				COMBINE_HIDPI_IMAGES = YES;
				FRAMEWORK_SEARCH_PATHS = (
					"$(DEVELOPER_FRAMEWORKS_DIR)",
					"$(inherited)",
				);
				GCC_PRECOMPILE_PREFIX_HEADER = YES;
				GCC_PREFIX_HEADER = "promail/promail-Prefix.pch";
				INFOPLIST_FILE = "promailTests/promailTests-Info.plist";
				PRODUCT_NAME = "$(TARGET_NAME)";
				TEST_HOST = "$(BUNDLE_LOADER)";
				WRAPPER_EXTENSION = xctest;
			};
			name = Release;
		};
/* End XCBuildConfiguration section */

/* Begin XCConfigurationList section */
		D4EEDEE51857C9D700653625 /* Build configuration list for PBXProject "promail" */ = {
			isa = XCConfigurationList;
			buildConfigurations = (
				D4EEDF1C1857C9D800653625 /* Debug */,
				D4EEDF1D1857C9D800653625 /* Release */,
			);
			defaultConfigurationIsVisible = 0;
			defaultConfigurationName = Release;
		};
		D4EEDF1E1857C9D800653625 /* Build configuration list for PBXNativeTarget "promail" */ = {
			isa = XCConfigurationList;
			buildConfigurations = (
				D4EEDF1F1857C9D800653625 /* Debug */,
				D4EEDF201857C9D800653625 /* Release */,
			);
			defaultConfigurationIsVisible = 0;
			defaultConfigurationName = Release;
		};
		D4EEDF211857C9D800653625 /* Build configuration list for PBXNativeTarget "promailTests" */ = {
			isa = XCConfigurationList;
			buildConfigurations = (
				D4EEDF221857C9D800653625 /* Debug */,
				D4EEDF231857C9D800653625 /* Release */,
			);
			defaultConfigurationIsVisible = 0;
			defaultConfigurationName = Release;
		};
/* End XCConfigurationList section */

/* Begin XCVersionGroup section */
		D4EEDF051857C9D700653625 /* promail.xcdatamodeld */ = {
			isa = XCVersionGroup;
			children = (
				D4EEDF061857C9D700653625 /* promail.xcdatamodel */,
			);
			currentVersion = D4EEDF061857C9D700653625 /* promail.xcdatamodel */;
			path = promail.xcdatamodeld;
			sourceTree = "<group>";
			versionGroupType = wrapper.xcdatamodel;
		};
/* End XCVersionGroup section */
	};
	rootObject = D4EEDEE21857C9D700653625 /* Project object */;
}
